
Microsoft Visual Studio Solution File, Format Version 12.00
# Visual Studio Version 17
VisualStudioVersion = 17.0.32014.148
MinimumVisualStudioVersion = 10.0.40219.1
Project("{9A19103F-16F7-4668-BE54-9A1E7A4F7556}") = "Test_Choose_City", "Test_Choose_City\Test_Choose_City.csproj", "{89160F6E-40AD-42BF-8078-EA0776DCE31B}"
EndProject
Global
	GlobalSection(SolutionConfigurationPlatforms) = preSolution
		Debug|Any CPU = Debug|Any CPU
		Release|Any CPU = Release|Any CPU
	EndGlobalSection
	GlobalSection(ProjectConfigurationPlatforms) = postSolution
		{89160F6E-40AD-42BF-8078-EA0776DCE31B}.Debug|Any CPU.ActiveCfg = Debug|Any CPU
		{89160F6E-40AD-42BF-8078-EA0776DCE31B}.Debug|Any CPU.Build.0 = Debug|Any CPU
		{89160F6E-40AD-42BF-8078-EA0776DCE31B}.Release|Any CPU.ActiveCfg = Release|Any CPU
		{89160F6E-40AD-42BF-8078-EA0776DCE31B}.Release|Any CPU.Build.0 = Release|Any CPU
	EndGlobalSection
	GlobalSection(SolutionProperties) = preSolution
		HideSolutionNode = FALSE
	EndGlobalSection
	GlobalSection(ExtensibilityGlobals) = postSolution
		SolutionGuid = {D16827DC-ECE6-4CF5-AC42-CD0CFF8DEE0A}
	EndGlobalSection
EndGlobal
